{
  "name": "openai-tokens",
  "version": "0.0.1",
  "lockfileVersion": 3,
  "requires": true,
  "packages": {
    "": {
      "name": "openai-tokens",
      "version": "0.0.1",
      "license": "MIT",
      "dependencies": {
        "gpt-3-encoder": "^1.1.4"
      }
    },
    "node_modules/gpt-3-encoder": {
      "version": "1.1.4",
      "resolved": "https://registry.npmjs.org/gpt-3-encoder/-/gpt-3-encoder-1.1.4.tgz",
      "integrity": "sha512-fSQRePV+HUAhCn7+7HL7lNIXNm6eaFWFbNLOOGtmSJ0qJycyQvj60OvRlH7mee8xAMjBDNRdMXlMwjAbMTDjkg=="
    }
  }
}
